// !$*UTF8*$!
{
	archiveVersion = 1;
	classes = {
	};
	objectVersion = 46;
	objects = {

/* Begin PBXBuildFile section */
		56A7B5DF1A4F8930003947B0 /* AppDelegate.swift in Sources */ = {isa = PBXBuildFile; fileRef = 56A7B5DE1A4F8930003947B0 /* AppDelegate.swift */; };
		56A7B5E11A4F8930003947B0 /* ViewController.swift in Sources */ = {isa = PBXBuildFile; fileRef = 56A7B5E01A4F8930003947B0 /* ViewController.swift */; };
		56A7B5E41A4F8930003947B0 /* Main.storyboard in Resources */ = {isa = PBXBuildFile; fileRef = 56A7B5E21A4F8930003947B0 /* Main.storyboard */; };
		56A7B5E61A4F8930003947B0 /* Images.xcassets in Resources */ = {isa = PBXBuildFile; fileRef = 56A7B5E51A4F8930003947B0 /* Images.xcassets */; };
		56A7B5E91A4F8930003947B0 /* LaunchScreen.xib in Resources */ = {isa = PBXBuildFile; fileRef = 56A7B5E71A4F8930003947B0 /* LaunchScreen.xib */; };
		56A7B5F51A4F8930003947B0 /* CoreLocationTests.swift in Sources */ = {isa = PBXBuildFile; fileRef = 56A7B5F41A4F8930003947B0 /* CoreLocationTests.swift */; };
/* End PBXBuildFile section */

/* Begin PBXContainerItemProxy section */
		56A7B5EF1A4F8930003947B0 /* PBXContainerItemProxy */ = {
			isa = PBXContainerItemProxy;
			containerPortal = 56A7B5D11A4F8930003947B0 /* Project object */;
			proxyType = 1;
			remoteGlobalIDString = 56A7B5D81A4F8930003947B0;
			remoteInfo = CoreLocation;
		};
/* End PBXContainerItemProxy section */

/* Begin PBXFileReference section */
		56A7B5D91A4F8930003947B0 /* CoreLocation.app */ = {isa = PBXFileReference; explicitFileType = wrapper.application; includeInIndex = 0; path = CoreLocation.app; sourceTree = BUILT_PRODUCTS_DIR; };
		56A7B5DD1A4F8930003947B0 /* Info.plist */ = {isa = PBXFileReference; lastKnownFileType = text.plist.xml; path = Info.plist; sourceTree = "<group>"; };
		56A7B5DE1A4F8930003947B0 /* AppDelegate.swift */ = {isa = PBXFileReference; lastKnownFileType = sourcecode.swift; path = AppDelegate.swift; sourceTree = "<group>"; };
		56A7B5E01A4F8930003947B0 /* ViewController.swift */ = {isa = PBXFileReference; lastKnownFileType = sourcecode.swift; path = ViewController.swift; sourceTree = "<group>"; };
		56A7B5E31A4F8930003947B0 /* Base */ = {isa = PBXFileReference; lastKnownFileType = file.storyboard; name = Base; path = Base.lproj/Main.storyboard; sourceTree = "<group>"; };
		56A7B5E51A4F8930003947B0 /* Images.xcassets */ = {isa = PBXFileReference; lastKnownFileType = folder.assetcatalog; path = Images.xcassets; sourceTree = "<group>"; };
		56A7B5E81A4F8930003947B0 /* Base */ = {isa = PBXFileReference; lastKnownFileType = file.xib; name = Base; path = Base.lproj/LaunchScreen.xib; sourceTree = "<group>"; };
		56A7B5EE1A4F8930003947B0 /* CoreLocationTests.xctest */ = {isa = PBXFileReference; explicitFileType = wrapper.cfbundle; includeInIndex = 0; path = CoreLocationTests.xctest; sourceTree = BUILT_PRODUCTS_DIR; };
		56A7B5F31A4F8930003947B0 /* Info.plist */ = {isa = PBXFileReference; lastKnownFileType = text.plist.xml; path = Info.plist; sourceTree = "<group>"; };
		56A7B5F41A4F8930003947B0 /* CoreLocationTests.swift */ = {isa = PBXFileReference; lastKnownFileType = sourcecode.swift; path = CoreLocationTests.swift; sourceTree = "<group>"; };
/* End PBXFileReference section */

/* Begin PBXFrameworksBuildPhase section */
		56A7B5D61A4F8930003947B0 /* Frameworks */ = {
			isa = PBXFrameworksBuildPhase;
			buildActionMask = 2147483647;
			files = (
			);
			runOnlyForDeploymentPostprocessing = 0;
		};
		56A7B5EB1A4F8930003947B0 /* Frameworks */ = {
			isa = PBXFrameworksBuildPhase;
			buildActionMask = 2147483647;
			files = (
			);
			runOnlyForDeploymentPostprocessing = 0;
		};
/* End PBXFrameworksBuildPhase section */

/* Begin PBXGroup section */
		56A7B5D01A4F8930003947B0 = {
			isa = PBXGroup;
			children = (
				56A7B5DB1A4F8930003947B0 /* CoreLocation */,
				56A7B5F11A4F8930003947B0 /* CoreLocationTests */,
				56A7B5DA1A4F8930003947B0 /* Products */,
			);
			sourceTree = "<group>";
		};
		56A7B5DA1A4F8930003947B0 /* Products */ = {
			isa = PBXGroup;
			children = (
				56A7B5D91A4F8930003947B0 /* CoreLocation.app */,
				56A7B5EE1A4F8930003947B0 /* CoreLocationTests.xctest */,
			);
			name = Products;
			sourceTree = "<group>";
		};
		56A7B5DB1A4F8930003947B0 /* CoreLocation */ = {
			isa = PBXGroup;
			children = (
				56A7B5DE1A4F8930003947B0 /* AppDelegate.swift */,
				56A7B5E01A4F8930003947B0 /* ViewController.swift */,
				56A7B5E21A4F8930003947B0 /* Main.storyboard */,
				56A7B5E51A4F8930003947B0 /* Images.xcassets */,
				56A7B5E71A4F8930003947B0 /* LaunchScreen.xib */,
				56A7B5DC1A4F8930003947B0 /* Supporting Files */,
			);
			path = CoreLocation;
			sourceTree = "<group>";
		};
		56A7B5DC1A4F8930003947B0 /* Supporting Files */ = {
			isa = PBXGroup;
			children = (
				56A7B5DD1A4F8930003947B0 /* Info.plist */,
			);
			name = "Supporting Files";
			sourceTree = "<group>";
		};
		56A7B5F11A4F8930003947B0 /* CoreLocationTests */ = {
			isa = PBXGroup;
			children = (
				56A7B5F41A4F8930003947B0 /* CoreLocationTests.swift */,
				56A7B5F21A4F8930003947B0 /* Supporting Files */,
			);
			path = CoreLocationTests;
			sourceTree = "<group>";
		};
		56A7B5F21A4F8930003947B0 /* Supporting Files */ = {
			isa = PBXGroup;
			children = (
				56A7B5F31A4F8930003947B0 /* Info.plist */,
			);
			name = "Supporting Files";
			sourceTree = "<group>";
		};
/* End PBXGroup section */

/* Begin PBXNativeTarget section */
		56A7B5D81A4F8930003947B0 /* CoreLocation */ = {
			isa = PBXNativeTarget;
			buildConfigurationList = 56A7B5F81A4F8930003947B0 /* Build configuration list for PBXNativeTarget "CoreLocation" */;
			buildPhases = (
				56A7B5D51A4F8930003947B0 /* Sources */,
				56A7B5D61A4F8930003947B0 /* Frameworks */,
				56A7B5D71A4F8930003947B0 /* Resources */,
			);
			buildRules = (
			);
			dependencies = (
			);
			name = CoreLocation;
			productName = CoreLocation;
			productReference = 56A7B5D91A4F8930003947B0 /* CoreLocation.app */;
			productType = "com.apple.product-type.application";
		};
		56A7B5ED1A4F8930003947B0 /* CoreLocationTests */ = {
			isa = PBXNativeTarget;
			buildConfigurationList = 56A7B5FB1A4F8930003947B0 /* Build configuration list for PBXNativeTarget "CoreLocationTests" */;
			buildPhases = (
				56A7B5EA1A4F8930003947B0 /* Sources */,
				56A7B5EB1A4F8930003947B0 /* Frameworks */,
				56A7B5EC1A4F8930003947B0 /* Resources */,
			);
			buildRules = (
			);
			dependencies = (
				56A7B5F01A4F8930003947B0 /* PBXTargetDependency */,
			);
			name = CoreLocationTests;
			productName = CoreLocationTests;
			productReference = 56A7B5EE1A4F8930003947B0 /* CoreLocationTests.xctest */;
			productType = "com.apple.product-type.bundle.unit-test";
		};
/* End PBXNativeTarget section */

/* Begin PBXProject section */
		56A7B5D11A4F8930003947B0 /* Project object */ = {
			isa = PBXProject;
			attributes = {
				LastUpgradeCheck = 0610;
				ORGANIZATIONNAME = "Shrikar Archak";
				TargetAttributes = {
					56A7B5D81A4F8930003947B0 = {
						CreatedOnToolsVersion = 6.1.1;
					};
					56A7B5ED1A4F8930003947B0 = {
						CreatedOnToolsVersion = 6.1.1;
						TestTargetID = 56A7B5D81A4F8930003947B0;
					};
				};
			};
			buildConfigurationList = 56A7B5D41A4F8930003947B0 /* Build configuration list for PBXProject "CoreLocation" */;
			compatibilityVersion = "Xcode 3.2";
			developmentRegion = English;
			hasScannedForEncodings = 0;
			knownRegions = (
				en,
				Base,
			);
			mainGroup = 56A7B5D01A4F8930003947B0;
			productRefGroup = 56A7B5DA1A4F8930003947B0 /* Products */;
			projectDirPath = "";
			projectRoot = "";
			targets = (
				56A7B5D81A4F8930003947B0 /* CoreLocation */,
				56A7B5ED1A4F8930003947B0 /* CoreLocationTests */,
			);
		};
/* End PBXProject section */

/* Begin PBXResourcesBuildPhase section */
		56A7B5D71A4F8930003947B0 /* Resources */ = {
			isa = PBXResourcesBuildPhase;
			buildActionMask = 2147483647;
			files = (
				56A7B5E41A4F8930003947B0 /* Main.storyboard in Resources */,
				56A7B5E91A4F8930003947B0 /* LaunchScreen.xib in Resources */,
				56A7B5E61A4F8930003947B0 /* Images.xcassets in Resources */,
			);
			runOnlyForDeploymentPostprocessing = 0;
		};
		56A7B5EC1A4F8930003947B0 /* Resources */ = {
			isa = PBXResourcesBuildPhase;
			buildActionMask = 2147483647;
			files = (
			);
			runOnlyForDeploymentPostprocessing = 0;
		};
/* End PBXResourcesBuildPhase section */

/* Begin PBXSourcesBuildPhase section */
		56A7B5D51A4F8930003947B0 /* Sources */ = {
			isa = PBXSourcesBuildPhase;
			buildActionMask = 2147483647;
			files = (
				56A7B5E11A4F8930003947B0 /* ViewController.swift in Sources */,
				56A7B5DF1A4F8930003947B0 /* AppDelegate.swift in Sources */,
			);
			runOnlyForDeploymentPostprocessing = 0;
		};
		56A7B5EA1A4F8930003947B0 /* Sources */ = {
			isa = PBXSourcesBuildPhase;
			buildActionMask = 2147483647;
			files = (
				56A7B5F51A4F8930003947B0 /* CoreLocationTests.swift in Sources */,
			);
			runOnlyForDeploymentPostprocessing = 0;
		};
/* End PBXSourcesBuildPhase section */

/* Begin PBXTargetDependency section */
		56A7B5F01A4F8930003947B0 /* PBXTargetDependency */ = {
			isa = PBXTargetDependency;
			target = 56A7B5D81A4F8930003947B0 /* CoreLocation */;
			targetProxy = 56A7B5EF1A4F8930003947B0 /* PBXContainerItemProxy */;
		};
/* End PBXTargetDependency section */

/* Begin PBXVariantGroup section */
		56A7B5E21A4F8930003947B0 /* Main.storyboard */ = {
			isa = PBXVariantGroup;
			children = (
				56A7B5E31A4F8930003947B0 /* Base */,
			);
			name = Main.storyboard;
			sourceTree = "<group>";
		};
		56A7B5E71A4F8930003947B0 /* LaunchScreen.xib */ = {
			isa = PBXVariantGroup;
			children = (
				56A7B5E81A4F8930003947B0 /* Base */,
			);
			name = LaunchScreen.xib;
			sourceTree = "<group>";
		};
/* End PBXVariantGroup section */

/* Begin XCBuildConfiguration section */
		56A7B5F61A4F8930003947B0 /* Debug */ = {
			isa = XCBuildConfiguration;
			buildSettings = {
				ALWAYS_SEARCH_USER_PATHS = NO;
				CLANG_CXX_LANGUAGE_STANDARD = "gnu++0x";
				CLANG_CXX_LIBRARY = "libc++";
				CLANG_ENABLE_MODULES = YES;
				CLANG_ENABLE_OBJC_ARC = YES;
				CLANG_WARN_BOOL_CONVERSION = YES;
				CLANG_WARN_CONSTANT_CONVERSION = YES;
				CLANG_WARN_DIRECT_OBJC_ISA_USAGE = YES_ERROR;
				CLANG_WARN_EMPTY_BODY = YES;
				CLANG_WARN_ENUM_CONVERSION = YES;
				CLANG_WARN_INT_CONVERSION = YES;
				CLANG_WARN_OBJC_ROOT_CLASS = YES_ERROR;
				CLANG_WARN_UNREACHABLE_CODE = YES;
				CLANG_WARN__DUPLICATE_METHOD_MATCH = YES;
				"CODE_SIGN_IDENTITY[sdk=iphoneos*]" = "iPhone Developer";
				COPY_PHASE_STRIP = NO;
				ENABLE_STRICT_OBJC_MSGSEND = YES;
				GCC_C_LANGUAGE_STANDARD = gnu99;
				GCC_DYNAMIC_NO_PIC = NO;
				GCC_OPTIMIZATION_LEVEL = 0;
				GCC_PREPROCESSOR_DEFINITIONS = (
					"DEBUG=1",
					"$(inherited)",
				);
				GCC_SYMBOLS_PRIVATE_EXTERN = NO;
				GCC_WARN_64_TO_32_BIT_CONVERSION = YES;
				GCC_WARN_ABOUT_RETURN_TYPE = YES_ERROR;
				GCC_WARN_UNDECLARED_SELECTOR = YES;
				GCC_WARN_UNINITIALIZED_AUTOS = YES_AGGRESSIVE;
				GCC_WARN_UNUSED_FUNCTION = YES;
				GCC_WARN_UNUSED_VARIABLE = YES;
				IPHONEOS_DEPLOYMENT_TARGET = 8.1;
				MTL_ENABLE_DEBUG_INFO = YES;
				ONLY_ACTIVE_ARCH = YES;
				SDKROOT = iphoneos;
				SWIFT_OPTIMIZATION_LEVEL = "-Onone";
			};
			name = Debug;
		};
		56A7B5F71A4F8930003947B0 /* Release */ = {
			isa = XCBuildConfiguration;
			buildSettings = {
				ALWAYS_SEARCH_USER_PATHS = NO;
				CLANG_CXX_LANGUAGE_STANDARD = "gnu++0x";
				CLANG_CXX_LIBRARY = "libc++";
				CLANG_ENABLE_MODULES = YES;
				CLANG_ENABLE_OBJC_ARC = YES;
				CLANG_WARN_BOOL_CONVERSION = YES;
				CLANG_WARN_CONSTANT_CONVERSION = YES;
				CLANG_WARN_DIRECT_OBJC_ISA_USAGE = YES_ERROR;
				CLANG_WARN_EMPTY_BODY = YES;
				CLANG_WARN_ENUM_CONVERSION = YES;
				CLANG_WARN_INT_CONVERSION = YES;
				CLANG_WARN_OBJC_ROOT_CLASS = YES_ERROR;
				CLANG_WARN_UNREACHABLE_CODE = YES;
				CLANG_WARN__DUPLICATE_METHOD_MATCH = YES;
				"CODE_SIGN_IDENTITY[sdk=iphoneos*]" = "iPhone Developer";
				COPY_PHASE_STRIP = YES;
				ENABLE_NS_ASSERTIONS = NO;
				ENABLE_STRICT_OBJC_MSGSEND = YES;
				GCC_C_LANGUAGE_STANDARD = gnu99;
				GCC_WARN_64_TO_32_BIT_CONVERSION = YES;
				GCC_WARN_ABOUT_RETURN_TYPE = YES_ERROR;
				GCC_WARN_UNDECLARED_SELECTOR = YES;
				GCC_WARN_UNINITIALIZED_AUTOS = YES_AGGRESSIVE;
				GCC_WARN_UNUSED_FUNCTION = YES;
				GCC_WARN_UNUSED_VARIABLE = YES;
				IPHONEOS_DEPLOYMENT_TARGET = 8.1;
				MTL_ENABLE_DEBUG_INFO = NO;
				SDKROOT = iphoneos;
				VALIDATE_PRODUCT = YES;
			};
			name = Release;
		};
		56A7B5F91A4F8930003947B0 /* Debug */ = {
			isa = XCBuildConfiguration;
			buildSettings = {
				ASSETCATALOG_COMPILER_APPICON_NAME = AppIcon;
				INFOPLIST_FILE = CoreLocation/Info.plist;
				LD_RUNPATH_SEARCH_PATHS = "$(inherited) @executable_path/Frameworks";
				PRODUCT_NAME = "$(TARGET_NAME)";
			};
			name = Debug;
		};
		56A7B5FA1A4F8930003947B0 /* Release */ = {
			isa = XCBuildConfiguration;
			buildSettings = {
				ASSETCATALOG_COMPILER_APPICON_NAME = AppIcon;
				INFOPLIST_FILE = CoreLocation/Info.plist;
				LD_RUNPATH_SEARCH_PATHS = "$(inherited) @executable_path/Frameworks";
				PRODUCT_NAME = "$(TARGET_NAME)";
			};
			name = Release;
		};
		56A7B5FC1A4F8930003947B0 /* Debug */ = {
			isa = XCBuildConfiguration;
			buildSettings = {
				BUNDLE_LOADER = "$(TEST_HOST)";
				FRAMEWORK_SEARCH_PATHS = (
					"$(SDKROOT)/Developer/Library/Frameworks",
					"$(inherited)",
				);
				GCC_PREPROCESSOR_DEFINITIONS = (
					"DEBUG=1",
					"$(inherited)",
				);
				INFOPLIST_FILE = CoreLocationTests/Info.plist;
				LD_RUNPATH_SEARCH_PATHS = "$(inherited) @executable_path/Frameworks @loader_path/Frameworks";
				PRODUCT_NAME = "$(TARGET_NAME)";
				TEST_HOST = "$(BUILT_PRODUCTS_DIR)/CoreLocation.app/CoreLocation";
			};
			name = Debug;
		};
		56A7B5FD1A4F8930003947B0 /* Release */ = {
			isa = XCBuildConfiguration;
			buildSettings = {
				BUNDLE_LOADER = "$(TEST_HOST)";
				FRAMEWORK_SEARCH_PATHS = (
					"$(SDKROOT)/Developer/Library/Frameworks",
					"$(inherited)",
				);
				INFOPLIST_FILE = CoreLocationTests/Info.plist;
				LD_RUNPATH_SEARCH_PATHS = "$(inherited) @executable_path/Frameworks @loader_path/Frameworks";
				PRODUCT_NAME = "$(TARGET_NAME)";
				TEST_HOST = "$(BUILT_PRODUCTS_DIR)/CoreLocation.app/CoreLocation";
			};
			name = Release;
		};
/* End XCBuildConfiguration section */

/* Begin XCConfigurationList section */
		56A7B5D41A4F8930003947B0 /* Build configuration list for PBXProject "CoreLocation" */ = {
			isa = XCConfigurationList;
			buildConfigurations = (
				56A7B5F61A4F8930003947B0 /* Debug */,
				56A7B5F71A4F8930003947B0 /* Release */,
			);
			defaultConfigurationIsVisible = 0;
			defaultConfigurationName = Release;
		};
		56A7B5F81A4F8930003947B0 /* Build configuration list for PBXNativeTarget "CoreLocation" */ = {
			isa = XCConfigurationList;
			buildConfigurations = (
				56A7B5F91A4F8930003947B0 /* Debug */,
				56A7B5FA1A4F8930003947B0 /* Release */,
			);
			defaultConfigurationIsVisible = 0;
		};
		56A7B5FB1A4F8930003947B0 /* Build configuration list for PBXNativeTarget "CoreLocationTests" */ = {
			isa = XCConfigurationList;
			buildConfigurations = (
				56A7B5FC1A4F8930003947B0 /* Debug */,
				56A7B5FD1A4F8930003947B0 /* Release */,
			);
			defaultConfigurationIsVisible = 0;
		};
/* End XCConfigurationList section */
	};
	rootObject = 56A7B5D11A4F8930003947B0 /* Project object */;
}
